
Microsoft Visual Studio Solution File, Format Version 12.00
# Visual Studio Version 17
VisualStudioVersion = 17.0.31903.59
MinimumVisualStudioVersion = 10.0.40219.1
Project("{FAE04EC0-301F-11D3-BF4B-00C04F79EFBC}") = "Users", "Users.csproj", "{6FA01BD3-9DA0-4A7A-9DC4-1657B0B36A5C}"
EndProject
Global
	GlobalSection(SolutionConfigurationPlatforms) = preSolution
		Debug|Any CPU = Debug|Any CPU
		Release|Any CPU = Release|Any CPU
	EndGlobalSection
	GlobalSection(ProjectConfigurationPlatforms) = postSolution
		{6FA01BD3-9DA0-4A7A-9DC4-1657B0B36A5C}.Debug|Any CPU.ActiveCfg = Debug|Any CPU
		{6FA01BD3-9DA0-4A7A-9DC4-1657B0B36A5C}.Debug|Any CPU.Build.0 = Debug|Any CPU
		{6FA01BD3-9DA0-4A7A-9DC4-1657B0B36A5C}.Release|Any CPU.ActiveCfg = Release|Any CPU
		{6FA01BD3-9DA0-4A7A-9DC4-1657B0B36A5C}.Release|Any CPU.Build.0 = Release|Any CPU
	EndGlobalSection
	GlobalSection(SolutionProperties) = preSolution
		HideSolutionNode = FALSE
	EndGlobalSection
	GlobalSection(ExtensibilityGlobals) = postSolution
		SolutionGuid = {B48ED911-6DCC-4AEC-A3C3-622F45BCFEBA}
	EndGlobalSection
EndGlobal
